
Microsoft Visual Studio Solution File, Format Version 12.00
# Visual Studio Version 17
VisualStudioVersion = 17.10.35201.131
MinimumVisualStudioVersion = 10.0.40219.1
Project("{FAE04EC0-301F-11D3-BF4B-00C04F79EFBC}") = "NpuPlugin", "NpuPlugin\NpuPlugin.csproj", "{BF7FB93B-601C-4DCF-B96A-2B93DDE5EC3C}"
EndProject
Global
	GlobalSection(SolutionConfigurationPlatforms) = preSolution
		Debug|Any CPU = Debug|Any CPU
		Release|Any CPU = Release|Any CPU
	EndGlobalSection
	GlobalSection(ProjectConfigurationPlatforms) = postSolution
		{BF7FB93B-601C-4DCF-B96A-2B93DDE5EC3C}.Debug|Any CPU.ActiveCfg = Debug|Any CPU
		{BF7FB93B-601C-4DCF-B96A-2B93DDE5EC3C}.Debug|Any CPU.Build.0 = Debug|Any CPU
		{BF7FB93B-601C-4DCF-B96A-2B93DDE5EC3C}.Release|Any CPU.ActiveCfg = Release|Any CPU
		{BF7FB93B-601C-4DCF-B96A-2B93DDE5EC3C}.Release|Any CPU.Build.0 = Release|Any CPU
	EndGlobalSection
	GlobalSection(SolutionProperties) = preSolution
		HideSolutionNode = FALSE
	EndGlobalSection
	GlobalSection(ExtensibilityGlobals) = postSolution
		SolutionGuid = {2E8B5170-9C35-412B-B555-6BD75537EB96}
	EndGlobalSection
EndGlobal
